
Microsoft Visual Studio Solution File, Format Version 12.00
# Visual Studio Version 16
VisualStudioVersion = 16.0.33027.164
MinimumVisualStudioVersion = 10.0.40219.1
Project("{FAE04EC0-301F-11D3-BF4B-00C04F79EFBC}") = "PM_02_Ticket_13_FassalovYra", "PM_02_Ticket_13_FassalovYra\PM_02_Ticket_13_FassalovYra.csproj", "{795F07CA-04CA-4C2F-B006-652FF8506D30}"
EndProject
Global
	GlobalSection(SolutionConfigurationPlatforms) = preSolution
		Debug|Any CPU = Debug|Any CPU
		Release|Any CPU = Release|Any CPU
	EndGlobalSection
	GlobalSection(ProjectConfigurationPlatforms) = postSolution
		{795F07CA-04CA-4C2F-B006-652FF8506D30}.Debug|Any CPU.ActiveCfg = Debug|Any CPU
		{795F07CA-04CA-4C2F-B006-652FF8506D30}.Debug|Any CPU.Build.0 = Debug|Any CPU
		{795F07CA-04CA-4C2F-B006-652FF8506D30}.Release|Any CPU.ActiveCfg = Release|Any CPU
		{795F07CA-04CA-4C2F-B006-652FF8506D30}.Release|Any CPU.Build.0 = Release|Any CPU
	EndGlobalSection
	GlobalSection(SolutionProperties) = preSolution
		HideSolutionNode = FALSE
	EndGlobalSection
	GlobalSection(ExtensibilityGlobals) = postSolution
		SolutionGuid = {8416860E-267F-408B-9C0F-1ED25583B8F1}
	EndGlobalSection
EndGlobal
